// !$*UTF8*$!
{
	archiveVersion = 1;
	classes = {
	};
	objectVersion = 56;
	objects = {

/* Begin PBXBuildFile section */
		0467EE8E29E4ECE0000AFEDD /* _706012110041App.swift in Sources */ = {isa = PBXBuildFile; fileRef = 0467EE8D29E4ECE0000AFEDD /* _706012110041App.swift */; };
		0467EE9029E4ECE0000AFEDD /* ContentView.swift in Sources */ = {isa = PBXBuildFile; fileRef = 0467EE8F29E4ECE0000AFEDD /* ContentView.swift */; };
		0467EE9229E4ECE3000AFEDD /* Assets.xcassets in Resources */ = {isa = PBXBuildFile; fileRef = 0467EE9129E4ECE3000AFEDD /* Assets.xcassets */; };
		0467EE9529E4ECE3000AFEDD /* Preview Assets.xcassets in Resources */ = {isa = PBXBuildFile; fileRef = 0467EE9429E4ECE3000AFEDD /* Preview Assets.xcassets */; };
		0467EE9E29E4F27A000AFEDD /* CircleImage.swift in Sources */ = {isa = PBXBuildFile; fileRef = 0467EE9D29E4F27A000AFEDD /* CircleImage.swift */; };
		0467EEA029E4F439000AFEDD /* MapView.swift in Sources */ = {isa = PBXBuildFile; fileRef = 0467EE9F29E4F439000AFEDD /* MapView.swift */; };
		04D08E9429E8EBB000D08185 /* landmarkData.json in Resources */ = {isa = PBXBuildFile; fileRef = 04D08E9329E8EBB000D08185 /* landmarkData.json */; };
		04D08E9629E8EBDE00D08185 /* Landmark.swift in Sources */ = {isa = PBXBuildFile; fileRef = 04D08E9529E8EBDE00D08185 /* Landmark.swift */; };
		04D08E9829E8ED2600D08185 /* Data.swift in Sources */ = {isa = PBXBuildFile; fileRef = 04D08E9729E8ED2600D08185 /* Data.swift */; };
		04D08E9D29E8EE9900D08185 /* LandmarkRow.swift in Sources */ = {isa = PBXBuildFile; fileRef = 04D08E9C29E8EE9900D08185 /* LandmarkRow.swift */; };
/* End PBXBuildFile section */

/* Begin PBXFileReference section */
		0467EE8A29E4ECE0000AFEDD /* 0706012110041.app */ = {isa = PBXFileReference; explicitFileType = wrapper.application; includeInIndex = 0; path = 0706012110041.app; sourceTree = BUILT_PRODUCTS_DIR; };
		0467EE8D29E4ECE0000AFEDD /* _706012110041App.swift */ = {isa = PBXFileReference; lastKnownFileType = sourcecode.swift; path = _706012110041App.swift; sourceTree = "<group>"; };
		0467EE8F29E4ECE0000AFEDD /* ContentView.swift */ = {isa = PBXFileReference; lastKnownFileType = sourcecode.swift; path = ContentView.swift; sourceTree = "<group>"; };
		0467EE9129E4ECE3000AFEDD /* Assets.xcassets */ = {isa = PBXFileReference; lastKnownFileType = folder.assetcatalog; path = Assets.xcassets; sourceTree = "<group>"; };
		0467EE9429E4ECE3000AFEDD /* Preview Assets.xcassets */ = {isa = PBXFileReference; lastKnownFileType = folder.assetcatalog; path = "Preview Assets.xcassets"; sourceTree = "<group>"; };
		0467EE9D29E4F27A000AFEDD /* CircleImage.swift */ = {isa = PBXFileReference; lastKnownFileType = sourcecode.swift; path = CircleImage.swift; sourceTree = "<group>"; };
		0467EE9F29E4F439000AFEDD /* MapView.swift */ = {isa = PBXFileReference; lastKnownFileType = sourcecode.swift; path = MapView.swift; sourceTree = "<group>"; };
		04D08E9329E8EBB000D08185 /* landmarkData.json */ = {isa = PBXFileReference; fileEncoding = 4; lastKnownFileType = text.json; path = landmarkData.json; sourceTree = "<group>"; };
		04D08E9529E8EBDE00D08185 /* Landmark.swift */ = {isa = PBXFileReference; lastKnownFileType = sourcecode.swift; path = Landmark.swift; sourceTree = "<group>"; };
		04D08E9729E8ED2600D08185 /* Data.swift */ = {isa = PBXFileReference; lastKnownFileType = sourcecode.swift; path = Data.swift; sourceTree = "<group>"; };
		04D08E9C29E8EE9900D08185 /* LandmarkRow.swift */ = {isa = PBXFileReference; lastKnownFileType = sourcecode.swift; path = LandmarkRow.swift; sourceTree = "<group>"; };
/* End PBXFileReference section */

/* Begin PBXFrameworksBuildPhase section */
		0467EE8729E4ECE0000AFEDD /* Frameworks */ = {
			isa = PBXFrameworksBuildPhase;
			buildActionMask = 2147483647;
			files = (
			);
			runOnlyForDeploymentPostprocessing = 0;
		};
/* End PBXFrameworksBuildPhase section */

/* Begin PBXGroup section */
		0467EE8129E4ECE0000AFEDD = {
			isa = PBXGroup;
			children = (
				0467EE8C29E4ECE0000AFEDD /* 0706012110041 */,
				0467EE8B29E4ECE0000AFEDD /* Products */,
			);
			sourceTree = "<group>";
		};
		0467EE8B29E4ECE0000AFEDD /* Products */ = {
			isa = PBXGroup;
			children = (
				0467EE8A29E4ECE0000AFEDD /* 0706012110041.app */,
			);
			name = Products;
			sourceTree = "<group>";
		};
		0467EE8C29E4ECE0000AFEDD /* 0706012110041 */ = {
			isa = PBXGroup;
			children = (
				0467EE8D29E4ECE0000AFEDD /* _706012110041App.swift */,
				04D08E9B29E8EDDD00D08185 /* Views */,
				04D08E9A29E8EDC000D08185 /* Model */,
				04D08E9929E8ED8600D08185 /* Resources */,
				0467EE9129E4ECE3000AFEDD /* Assets.xcassets */,
				0467EE9329E4ECE3000AFEDD /* Preview Content */,
			);
			path = 0706012110041;
			sourceTree = "<group>";
		};
		0467EE9329E4ECE3000AFEDD /* Preview Content */ = {
			isa = PBXGroup;
			children = (
				0467EE9429E4ECE3000AFEDD /* Preview Assets.xcassets */,
			);
			path = "Preview Content";
			sourceTree = "<group>";
		};
		04D08E9929E8ED8600D08185 /* Resources */ = {
			isa = PBXGroup;
			children = (
				04D08E9329E8EBB000D08185 /* landmarkData.json */,
			);
			path = Resources;
			sourceTree = "<group>";
		};
		04D08E9A29E8EDC000D08185 /* Model */ = {
			isa = PBXGroup;
			children = (
				04D08E9529E8EBDE00D08185 /* Landmark.swift */,
				04D08E9729E8ED2600D08185 /* Data.swift */,
			);
			path = Model;
			sourceTree = "<group>";
		};
		04D08E9B29E8EDDD00D08185 /* Views */ = {
			isa = PBXGroup;
			children = (
				0467EE8F29E4ECE0000AFEDD /* ContentView.swift */,
				04D08E9C29E8EE9900D08185 /* LandmarkRow.swift */,
				0467EE9D29E4F27A000AFEDD /* CircleImage.swift */,
				0467EE9F29E4F439000AFEDD /* MapView.swift */,
			);
			path = Views;
			sourceTree = "<group>";
		};
/* End PBXGroup section */

/* Begin PBXNativeTarget section */
		0467EE8929E4ECE0000AFEDD /* 0706012110041 */ = {
			isa = PBXNativeTarget;
			buildConfigurationList = 0467EE9829E4ECE3000AFEDD /* Build configuration list for PBXNativeTarget "0706012110041" */;
			buildPhases = (
				0467EE8629E4ECE0000AFEDD /* Sources */,
				0467EE8729E4ECE0000AFEDD /* Frameworks */,
				0467EE8829E4ECE0000AFEDD /* Resources */,
			);
			buildRules = (
			);
			dependencies = (
			);
			name = 0706012110041;
			productName = 0706012110041;
			productReference = 0467EE8A29E4ECE0000AFEDD /* 0706012110041.app */;
			productType = "com.apple.product-type.application";
		};
/* End PBXNativeTarget section */

/* Begin PBXProject section */
		0467EE8229E4ECE0000AFEDD /* Project object */ = {
			isa = PBXProject;
			attributes = {
				BuildIndependentTargetsInParallel = 1;
				LastSwiftUpdateCheck = 1420;
				LastUpgradeCheck = 1420;
				TargetAttributes = {
					0467EE8929E4ECE0000AFEDD = {
						CreatedOnToolsVersion = 14.2;
					};
				};
			};
			buildConfigurationList = 0467EE8529E4ECE0000AFEDD /* Build configuration list for PBXProject "0706012110041" */;
			compatibilityVersion = "Xcode 14.0";
			developmentRegion = en;
			hasScannedForEncodings = 0;
			knownRegions = (
				en,
				Base,
			);
			mainGroup = 0467EE8129E4ECE0000AFEDD;
			productRefGroup = 0467EE8B29E4ECE0000AFEDD /* Products */;
			projectDirPath = "";
			projectRoot = "";
			targets = (
				0467EE8929E4ECE0000AFEDD /* 0706012110041 */,
			);
		};
/* End PBXProject section */

/* Begin PBXResourcesBuildPhase section */
		0467EE8829E4ECE0000AFEDD /* Resources */ = {
			isa = PBXResourcesBuildPhase;
			buildActionMask = 2147483647;
			files = (
				0467EE9529E4ECE3000AFEDD /* Preview Assets.xcassets in Resources */,
				0467EE9229E4ECE3000AFEDD /* Assets.xcassets in Resources */,
				04D08E9429E8EBB000D08185 /* landmarkData.json in Resources */,
			);
			runOnlyForDeploymentPostprocessing = 0;
		};
/* End PBXResourcesBuildPhase section */

/* Begin PBXSourcesBuildPhase section */
		0467EE8629E4ECE0000AFEDD /* Sources */ = {
			isa = PBXSourcesBuildPhase;
			buildActionMask = 2147483647;
			files = (
				0467EE9029E4ECE0000AFEDD /* ContentView.swift in Sources */,
				04D08E9829E8ED2600D08185 /* Data.swift in Sources */,
				0467EEA029E4F439000AFEDD /* MapView.swift in Sources */,
				0467EE9E29E4F27A000AFEDD /* CircleImage.swift in Sources */,
				0467EE8E29E4ECE0000AFEDD /* _706012110041App.swift in Sources */,
				04D08E9D29E8EE9900D08185 /* LandmarkRow.swift in Sources */,
				04D08E9629E8EBDE00D08185 /* Landmark.swift in Sources */,
			);
			runOnlyForDeploymentPostprocessing = 0;
		};
/* End PBXSourcesBuildPhase section */

/* Begin XCBuildConfiguration section */
		0467EE9629E4ECE3000AFEDD /* Debug */ = {
			isa = XCBuildConfiguration;
			buildSettings = {
				ALWAYS_SEARCH_USER_PATHS = NO;
				CLANG_ANALYZER_NONNULL = YES;
				CLANG_ANALYZER_NUMBER_OBJECT_CONVERSION = YES_AGGRESSIVE;
				CLANG_CXX_LANGUAGE_STANDARD = "gnu++20";
				CLANG_ENABLE_MODULES = YES;
				CLANG_ENABLE_OBJC_ARC = YES;
				CLANG_ENABLE_OBJC_WEAK = YES;
				CLANG_WARN_BLOCK_CAPTURE_AUTORELEASING = YES;
				CLANG_WARN_BOOL_CONVERSION = YES;
				CLANG_WARN_COMMA = YES;
				CLANG_WARN_CONSTANT_CONVERSION = YES;
				CLANG_WARN_DEPRECATED_OBJC_IMPLEMENTATIONS = YES;
				CLANG_WARN_DIRECT_OBJC_ISA_USAGE = YES_ERROR;
				CLANG_WARN_DOCUMENTATION_COMMENTS = YES;
				CLANG_WARN_EMPTY_BODY = YES;
				CLANG_WARN_ENUM_CONVERSION = YES;
				CLANG_WARN_INFINITE_RECURSION = YES;
				CLANG_WARN_INT_CONVERSION = YES;
				CLANG_WARN_NON_LITERAL_NULL_CONVERSION = YES;
				CLANG_WARN_OBJC_IMPLICIT_RETAIN_SELF = YES;
				CLANG_WARN_OBJC_LITERAL_CONVERSION = YES;
				CLANG_WARN_OBJC_ROOT_CLASS = YES_ERROR;
				CLANG_WARN_QUOTED_INCLUDE_IN_FRAMEWORK_HEADER = YES;
				CLANG_WARN_RANGE_LOOP_ANALYSIS = YES;
				CLANG_WARN_STRICT_PROTOTYPES = YES;
				CLANG_WARN_SUSPICIOUS_MOVE = YES;
				CLANG_WARN_UNGUARDED_AVAILABILITY = YES_AGGRESSIVE;
				CLANG_WARN_UNREACHABLE_CODE = YES;
				CLANG_WARN__DUPLICATE_METHOD_MATCH = YES;
				COPY_PHASE_STRIP = NO;
				DEBUG_INFORMATION_FORMAT = dwarf;
				ENABLE_STRICT_OBJC_MSGSEND = YES;
				ENABLE_TESTABILITY = YES;
				GCC_C_LANGUAGE_STANDARD = gnu11;
				GCC_DYNAMIC_NO_PIC = NO;
				GCC_NO_COMMON_BLOCKS = YES;
				GCC_OPTIMIZATION_LEVEL = 0;
				GCC_PREPROCESSOR_DEFINITIONS = (
					"DEBUG=1",
					"$(inherited)",
				);
				GCC_WARN_64_TO_32_BIT_CONVERSION = YES;
				GCC_WARN_ABOUT_RETURN_TYPE = YES_ERROR;
				GCC_WARN_UNDECLARED_SELECTOR = YES;
				GCC_WARN_UNINITIALIZED_AUTOS = YES_AGGRESSIVE;
				GCC_WARN_UNUSED_FUNCTION = YES;
				GCC_WARN_UNUSED_VARIABLE = YES;
				IPHONEOS_DEPLOYMENT_TARGET = 16.2;
				MTL_ENABLE_DEBUG_INFO = INCLUDE_SOURCE;
				MTL_FAST_MATH = YES;
				ONLY_ACTIVE_ARCH = YES;
				SDKROOT = iphoneos;
				SWIFT_ACTIVE_COMPILATION_CONDITIONS = DEBUG;
				SWIFT_OPTIMIZATION_LEVEL = "-Onone";
			};
			name = Debug;
		};
		0467EE9729E4ECE3000AFEDD /* Release */ = {
			isa = XCBuildConfiguration;
			buildSettings = {
				ALWAYS_SEARCH_USER_PATHS = NO;
				CLANG_ANALYZER_NONNULL = YES;
				CLANG_ANALYZER_NUMBER_OBJECT_CONVERSION = YES_AGGRESSIVE;
				CLANG_CXX_LANGUAGE_STANDARD = "gnu++20";
				CLANG_ENABLE_MODULES = YES;
				CLANG_ENABLE_OBJC_ARC = YES;
				CLANG_ENABLE_OBJC_WEAK = YES;
				CLANG_WARN_BLOCK_CAPTURE_AUTORELEASING = YES;
				CLANG_WARN_BOOL_CONVERSION = YES;
				CLANG_WARN_COMMA = YES;
				CLANG_WARN_CONSTANT_CONVERSION = YES;
				CLANG_WARN_DEPRECATED_OBJC_IMPLEMENTATIONS = YES;
				CLANG_WARN_DIRECT_OBJC_ISA_USAGE = YES_ERROR;
				CLANG_WARN_DOCUMENTATION_COMMENTS = YES;
				CLANG_WARN_EMPTY_BODY = YES;
				CLANG_WARN_ENUM_CONVERSION = YES;
				CLANG_WARN_INFINITE_RECURSION = YES;
				CLANG_WARN_INT_CONVERSION = YES;
				CLANG_WARN_NON_LITERAL_NULL_CONVERSION = YES;
				CLANG_WARN_OBJC_IMPLICIT_RETAIN_SELF = YES;
				CLANG_WARN_OBJC_LITERAL_CONVERSION = YES;
				CLANG_WARN_OBJC_ROOT_CLASS = YES_ERROR;
				CLANG_WARN_QUOTED_INCLUDE_IN_FRAMEWORK_HEADER = YES;
				CLANG_WARN_RANGE_LOOP_ANALYSIS = YES;
				CLANG_WARN_STRICT_PROTOTYPES = YES;
				CLANG_WARN_SUSPICIOUS_MOVE = YES;
				CLANG_WARN_UNGUARDED_AVAILABILITY = YES_AGGRESSIVE;
				CLANG_WARN_UNREACHABLE_CODE = YES;
				CLANG_WARN__DUPLICATE_METHOD_MATCH = YES;
				COPY_PHASE_STRIP = NO;
				DEBUG_INFORMATION_FORMAT = "dwarf-with-dsym";
				ENABLE_NS_ASSERTIONS = NO;
				ENABLE_STRICT_OBJC_MSGSEND = YES;
				GCC_C_LANGUAGE_STANDARD = gnu11;
				GCC_NO_COMMON_BLOCKS = YES;
				GCC_WARN_64_TO_32_BIT_CONVERSION = YES;
				GCC_WARN_ABOUT_RETURN_TYPE = YES_ERROR;
				GCC_WARN_UNDECLARED_SELECTOR = YES;
				GCC_WARN_UNINITIALIZED_AUTOS = YES_AGGRESSIVE;
				GCC_WARN_UNUSED_FUNCTION = YES;
				GCC_WARN_UNUSED_VARIABLE = YES;
				IPHONEOS_DEPLOYMENT_TARGET = 16.2;
				MTL_ENABLE_DEBUG_INFO = NO;
				MTL_FAST_MATH = YES;
				SDKROOT = iphoneos;
				SWIFT_COMPILATION_MODE = wholemodule;
				SWIFT_OPTIMIZATION_LEVEL = "-O";
				VALIDATE_PRODUCT = YES;
			};
			name = Release;
		};
		0467EE9929E4ECE3000AFEDD /* Debug */ = {
			isa = XCBuildConfiguration;
			buildSettings = {
				ASSETCATALOG_COMPILER_APPICON_NAME = AppIcon;
				ASSETCATALOG_COMPILER_GLOBAL_ACCENT_COLOR_NAME = AccentColor;
				CODE_SIGN_STYLE = Automatic;
				CURRENT_PROJECT_VERSION = 1;
				DEVELOPMENT_ASSET_PATHS = "\"0706012110041/Preview Content\"";
				DEVELOPMENT_TEAM = X9HL8SQN74;
				ENABLE_PREVIEWS = YES;
				GENERATE_INFOPLIST_FILE = YES;
				INFOPLIST_KEY_UIApplicationSceneManifest_Generation = YES;
				INFOPLIST_KEY_UIApplicationSupportsIndirectInputEvents = YES;
				INFOPLIST_KEY_UILaunchScreen_Generation = YES;
				INFOPLIST_KEY_UISupportedInterfaceOrientations_iPad = "UIInterfaceOrientationPortrait UIInterfaceOrientationPortraitUpsideDown UIInterfaceOrientationLandscapeLeft UIInterfaceOrientationLandscapeRight";
				INFOPLIST_KEY_UISupportedInterfaceOrientations_iPhone = "UIInterfaceOrientationPortrait UIInterfaceOrientationLandscapeLeft UIInterfaceOrientationLandscapeRight";
				LD_RUNPATH_SEARCH_PATHS = (
					"$(inherited)",
					"@executable_path/Frameworks",
				);
				MARKETING_VERSION = 1.0;
				PRODUCT_BUNDLE_IDENTIFIER = "com.kc.-706012110041";
				PRODUCT_NAME = "$(TARGET_NAME)";
				SWIFT_EMIT_LOC_STRINGS = YES;
				SWIFT_VERSION = 5.0;
				TARGETED_DEVICE_FAMILY = "1,2";
			};
			name = Debug;
		};
		0467EE9A29E4ECE3000AFEDD /* Release */ = {
			isa = XCBuildConfiguration;
			buildSettings = {
				ASSETCATALOG_COMPILER_APPICON_NAME = AppIcon;
				ASSETCATALOG_COMPILER_GLOBAL_ACCENT_COLOR_NAME = AccentColor;
				CODE_SIGN_STYLE = Automatic;
				CURRENT_PROJECT_VERSION = 1;
				DEVELOPMENT_ASSET_PATHS = "\"0706012110041/Preview Content\"";
				DEVELOPMENT_TEAM = X9HL8SQN74;
				ENABLE_PREVIEWS = YES;
				GENERATE_INFOPLIST_FILE = YES;
				INFOPLIST_KEY_UIApplicationSceneManifest_Generation = YES;
				INFOPLIST_KEY_UIApplicationSupportsIndirectInputEvents = YES;
				INFOPLIST_KEY_UILaunchScreen_Generation = YES;
				INFOPLIST_KEY_UISupportedInterfaceOrientations_iPad = "UIInterfaceOrientationPortrait UIInterfaceOrientationPortraitUpsideDown UIInterfaceOrientationLandscapeLeft UIInterfaceOrientationLandscapeRight";
				INFOPLIST_KEY_UISupportedInterfaceOrientations_iPhone = "UIInterfaceOrientationPortrait UIInterfaceOrientationLandscapeLeft UIInterfaceOrientationLandscapeRight";
				LD_RUNPATH_SEARCH_PATHS = (
					"$(inherited)",
					"@executable_path/Frameworks",
				);
				MARKETING_VERSION = 1.0;
				PRODUCT_BUNDLE_IDENTIFIER = "com.kc.-706012110041";
				PRODUCT_NAME = "$(TARGET_NAME)";
				SWIFT_EMIT_LOC_STRINGS = YES;
				SWIFT_VERSION = 5.0;
				TARGETED_DEVICE_FAMILY = "1,2";
			};
			name = Release;
		};
/* End XCBuildConfiguration section */

/* Begin XCConfigurationList section */
		0467EE8529E4ECE0000AFEDD /* Build configuration list for PBXProject "0706012110041" */ = {
			isa = XCConfigurationList;
			buildConfigurations = (
				0467EE9629E4ECE3000AFEDD /* Debug */,
				0467EE9729E4ECE3000AFEDD /* Release */,
			);
			defaultConfigurationIsVisible = 0;
			defaultConfigurationName = Release;
		};
		0467EE9829E4ECE3000AFEDD /* Build configuration list for PBXNativeTarget "0706012110041" */ = {
			isa = XCConfigurationList;
			buildConfigurations = (
				0467EE9929E4ECE3000AFEDD /* Debug */,
				0467EE9A29E4ECE3000AFEDD /* Release */,
			);
			defaultConfigurationIsVisible = 0;
			defaultConfigurationName = Release;
		};
/* End XCConfigurationList section */
	};
	rootObject = 0467EE8229E4ECE0000AFEDD /* Project object */;
}
